# This file is automatically @generated by Cargo.
# It is not intended for manual editing.
version = 3

[[package]]
name = "fastn"
version = "0.1.0"
dependencies = [
 "fastn-core",
 "fastn-lang",
 "fastn-static",
 "serde",
 "serde_json",
]

[[package]]
name = "fastn-core"
version = "0.1.0"
dependencies = [
 "fastn-lang",
 "serde_json",
]

[[package]]
name = "fastn-lang"
version = "0.1.0"
dependencies = [
 "fastn-section",
 "serde",
 "serde_json",
]

[[package]]
name = "fastn-section"
version = "0.1.0"
dependencies = [
 "serde",
 "serde_json",
]

[[package]]
name = "fastn-static"
version = "0.1.0"
dependencies = [
 "fastn-lang",
]

[[package]]
name = "itoa"
version = "1.0.11"
source = "registry+https://github.com/rust-lang/crates.io-index"
checksum = "49f1f14873335454500d59611f1cf4a4b0f786f9ac11f4312a78e4cf2566695b"

[[package]]
name = "memchr"
version = "2.7.4"
source = "registry+https://github.com/rust-lang/crates.io-index"
checksum = "78ca9ab1a0babb1e7d5695e3530886289c18cf2f87ec19a575a0abdce112e3a3"

[[package]]
name = "proc-macro2"
version = "1.0.88"
source = "registry+https://github.com/rust-lang/crates.io-index"
checksum = "7c3a7fc5db1e57d5a779a352c8cdb57b29aa4c40cc69c3a68a7fedc815fbf2f9"
dependencies = [
 "unicode-ident",
]

[[package]]
name = "quote"
version = "1.0.37"
source = "registry+https://github.com/rust-lang/crates.io-index"
checksum = "b5b9d34b8991d19d98081b46eacdd8eb58c6f2b201139f7c5f643cc155a633af"
dependencies = [
 "proc-macro2",
]

[[package]]
name = "ryu"
version = "1.0.18"
source = "registry+https://github.com/rust-lang/crates.io-index"
checksum = "f3cb5ba0dc43242ce17de99c180e96db90b235b8a9fdc9543c96d2209116bd9f"

[[package]]
name = "serde"
version = "1.0.211"
source = "registry+https://github.com/rust-lang/crates.io-index"
checksum = "1ac55e59090389fb9f0dd9e0f3c09615afed1d19094284d0b200441f13550793"
dependencies = [
 "serde_derive",
]

[[package]]
name = "serde_derive"
version = "1.0.211"
source = "registry+https://github.com/rust-lang/crates.io-index"
checksum = "54be4f245ce16bc58d57ef2716271d0d4519e0f6defa147f6e081005bcb278ff"
dependencies = [
 "proc-macro2",
 "quote",
 "syn",
]

[[package]]
name = "serde_json"
version = "1.0.132"
source = "registry+https://github.com/rust-lang/crates.io-index"
checksum = "d726bfaff4b320266d395898905d0eba0345aae23b54aee3a737e260fd46db03"
dependencies = [
 "itoa",
 "memchr",
 "ryu",
 "serde",
]

[[package]]
name = "syn"
version = "2.0.82"
source = "registry+https://github.com/rust-lang/crates.io-index"
checksum = "83540f837a8afc019423a8edb95b52a8effe46957ee402287f4292fae35be021"
dependencies = [
 "proc-macro2",
 "quote",
 "unicode-ident",
]

[[package]]
name = "unicode-ident"
version = "1.0.13"
source = "registry+https://github.com/rust-lang/crates.io-index"
checksum = "e91b56cd4cadaeb79bbf1a5645f6b4f8dc5bde8834ad5894a8db35fda9efa1fe"
